
Microsoft Visual Studio Solution File, Format Version 12.00
# Visual Studio 14
VisualStudioVersion = 14.0.25420.1
MinimumVisualStudioVersion = 10.0.40219.1
Project("{8BC9CEB8-8B4A-11D0-8D11-00A0C91BC942}") = "AbstractSyntaxTree", "AbstractSyntaxTree\AbstractSyntaxTree.vcxproj", "{53C7C53B-4D2F-4E71-9AF3-0B77DD0034B3}"
EndProject
Project("{8BC9CEB8-8B4A-11D0-8D11-00A0C91BC942}") = "Convert", "Convert\Convert.vcxproj", "{FDEF4DCD-9CF2-4894-9E60-5D47CD52520B}"
EndProject
Project("{8BC9CEB8-8B4A-11D0-8D11-00A0C91BC942}") = "Cpp11-BlockingQueue", "Cpp11-BlockingQueue\Cpp11-BlockingQueue.vcxproj", "{9EFC55B0-E8E8-443D-920F-C09D0AF54185}"
EndProject
Project("{8BC9CEB8-8B4A-11D0-8D11-00A0C91BC942}") = "CppProperties", "CppProperties\CppProperties.vcxproj", "{F05C13BE-95D4-4BE4-A96D-845F234AADA6}"
EndProject
Project("{8BC9CEB8-8B4A-11D0-8D11-00A0C91BC942}") = "Element", "Element\Element.vcxproj", "{AC686E5F-610D-4840-80F0-A1430A3A5C57}"
EndProject
Project("{8BC9CEB8-8B4A-11D0-8D11-00A0C91BC942}") = "FileMgr", "FileMgr\FileMgr.vcxproj", "{DDEE27FF-855E-4D10-AD7B-79CB8966EF13}"
EndProject
Project("{8BC9CEB8-8B4A-11D0-8D11-00A0C91BC942}") = "FileSystem", "FileSystem\FileSystem.vcxproj", "{04CB7A5F-7472-4F19-9EA9-00B80063658C}"
EndProject
Project("{8BC9CEB8-8B4A-11D0-8D11-00A0C91BC942}") = "GrammarHelpers", "GrammarHelpers\GrammarHelpers.vcxproj", "{119080C0-DA30-4A3C-85D6-37315067CB1A}"
EndProject
Project("{8BC9CEB8-8B4A-11D0-8D11-00A0C91BC942}") = "Logger", "Logger\Logger.vcxproj", "{66D2C764-9DA8-4505-B869-8E84E8968F7C}"
EndProject
Project("{8BC9CEB8-8B4A-11D0-8D11-00A0C91BC942}") = "NoSqlDb", "NoSqlDb\NoSqlDb.vcxproj", "{9EA8D3DF-0834-4EB4-B3D0-63C493323770}"
EndProject
Project("{8BC9CEB8-8B4A-11D0-8D11-00A0C91BC942}") = "Parser", "Parser\Parser.vcxproj", "{77BE9964-7862-4D05-AFF0-B42718AAE386}"
EndProject
Project("{8BC9CEB8-8B4A-11D0-8D11-00A0C91BC942}") = "Persist", "Persist\Persist.vcxproj", "{08ED1E8A-E694-4B6F-9453-2D5BCC44E681}"
EndProject
Project("{8BC9CEB8-8B4A-11D0-8D11-00A0C91BC942}") = "Query", "Query\Query.vcxproj", "{71FB073D-6A82-4A96-8D70-772FDFDD982E}"
EndProject
Project("{8BC9CEB8-8B4A-11D0-8D11-00A0C91BC942}") = "ScopeStack", "ScopeStack\ScopeStack.vcxproj", "{0AE7CD6E-0797-422E-8DB9-407E517624A5}"
EndProject
Project("{8BC9CEB8-8B4A-11D0-8D11-00A0C91BC942}") = "SemiExp", "SemiExp\SemiExp.vcxproj", "{C1131546-C8AE-4A24-A866-4A28DFDB72B9}"
EndProject
Project("{8BC9CEB8-8B4A-11D0-8D11-00A0C91BC942}") = "Tokenizer", "Tokenizer\Tokenizer.vcxproj", "{FD63AD3D-4A25-4F5C-BD43-1E19192357F2}"
EndProject
Project("{8BC9CEB8-8B4A-11D0-8D11-00A0C91BC942}") = "Utilities", "Utilities\Utilities.vcxproj", "{462B43B2-8B13-4178-BF2A-903F76F1985C}"
EndProject
Project("{8BC9CEB8-8B4A-11D0-8D11-00A0C91BC942}") = "XmlDocument", "XmlDocument\XmlDocument\XmlDocument.vcxproj", "{0A82ECDC-7520-453A-8F2C-D813FEEE7537}"
EndProject
Project("{8BC9CEB8-8B4A-11D0-8D11-00A0C91BC942}") = "DependencyAnalyzer", "DependencyAnalyzer\DependencyAnalyzer.vcxproj", "{9B2C9EB2-CD46-459B-AD6E-AA83473B7F27}"
EndProject
Project("{8BC9CEB8-8B4A-11D0-8D11-00A0C91BC942}") = "Graph", "Graph\Graph\Graph.vcxproj", "{2A178BA5-9840-47FD-8047-4D832B22FB1D}"
EndProject
Project("{8BC9CEB8-8B4A-11D0-8D11-00A0C91BC942}") = "StrongComponent", "StrongComponent\StrongComponent.vcxproj", "{8751B21B-2E9F-4381-AE18-952DAB1BD2C9}"
EndProject
Project("{8BC9CEB8-8B4A-11D0-8D11-00A0C91BC942}") = "TypeAnalysis", "TypeAnalysis\TypeAnalysis.vcxproj", "{EF90A316-8997-43B6-A81B-E6CB9763C343}"
EndProject
Project("{8BC9CEB8-8B4A-11D0-8D11-00A0C91BC942}") = "TypeTable", "TypeTable\TypeTable.vcxproj", "{46B980B3-7CD1-49F4-A5E6-4B9EA00AFF69}"
EndProject
Project("{8BC9CEB8-8B4A-11D0-8D11-00A0C91BC942}") = "CodePublisher", "CodePublisher\CodePublisher.vcxproj", "{631A8D25-FCC2-4467-8EB8-E67982525613}"
EndProject
Project("{8BC9CEB8-8B4A-11D0-8D11-00A0C91BC942}") = "HTMLgenerator", "HTMLgenerator\HTMLgenerator.vcxproj", "{B8F285C2-817F-45DC-AE47-9298D3B64424}"
EndProject
Project("{8BC9CEB8-8B4A-11D0-8D11-00A0C91BC942}") = "CommChannel", "CommChannel\CommChannel.vcxproj", "{CCEB57EC-253F-4C25-9B9F-05E3EFDE6EC7}"
EndProject
Project("{8BC9CEB8-8B4A-11D0-8D11-00A0C91BC942}") = "Sockets", "Sockets\Sockets.vcxproj", "{CA3129B8-1BF4-44C9-B116-53EC72D0BCCB}"
EndProject
Project("{8BC9CEB8-8B4A-11D0-8D11-00A0C91BC942}") = "HttpMessage", "HttpMessage\HttpMessage.vcxproj", "{3145A0F7-CEED-4551-A9F6-74AA9189BAAD}"
EndProject
Project("{8BC9CEB8-8B4A-11D0-8D11-00A0C91BC942}") = "MessageHandler", "MessageHandler\MessageHandler.vcxproj", "{82448BBE-3113-4F15-864D-E94707C806F8}"
EndProject
Project("{8BC9CEB8-8B4A-11D0-8D11-00A0C91BC942}") = "CodeAnalyPublisher", "CodeAnalyPublisher\CodeAnalyPublisher.vcxproj", "{F61CE523-6A1F-44A0-8CAD-B36A1035977D}"
EndProject
Project("{8BC9CEB8-8B4A-11D0-8D11-00A0C91BC942}") = "CodeRepository", "CodeRepository\CodeRepository.vcxproj", "{54727D86-69E5-43C2-9419-853F1059AA95}"
EndProject
Global
	GlobalSection(SolutionConfigurationPlatforms) = preSolution
		Debug|x64 = Debug|x64
		Debug|x86 = Debug|x86
		Release|x64 = Release|x64
		Release|x86 = Release|x86
	EndGlobalSection
	GlobalSection(ProjectConfigurationPlatforms) = postSolution
		{53C7C53B-4D2F-4E71-9AF3-0B77DD0034B3}.Debug|x64.ActiveCfg = Debug|Win32
		{53C7C53B-4D2F-4E71-9AF3-0B77DD0034B3}.Debug|x64.Build.0 = Debug|Win32
		{53C7C53B-4D2F-4E71-9AF3-0B77DD0034B3}.Debug|x86.ActiveCfg = Debug|Win32
		{53C7C53B-4D2F-4E71-9AF3-0B77DD0034B3}.Debug|x86.Build.0 = Debug|Win32
		{53C7C53B-4D2F-4E71-9AF3-0B77DD0034B3}.Release|x64.ActiveCfg = Release|x64
		{53C7C53B-4D2F-4E71-9AF3-0B77DD0034B3}.Release|x64.Build.0 = Release|x64
		{53C7C53B-4D2F-4E71-9AF3-0B77DD0034B3}.Release|x86.ActiveCfg = Release|Win32
		{53C7C53B-4D2F-4E71-9AF3-0B77DD0034B3}.Release|x86.Build.0 = Release|Win32
		{FDEF4DCD-9CF2-4894-9E60-5D47CD52520B}.Debug|x64.ActiveCfg = Debug|Win32
		{FDEF4DCD-9CF2-4894-9E60-5D47CD52520B}.Debug|x64.Build.0 = Debug|Win32
		{FDEF4DCD-9CF2-4894-9E60-5D47CD52520B}.Debug|x86.ActiveCfg = Debug|Win32
		{FDEF4DCD-9CF2-4894-9E60-5D47CD52520B}.Debug|x86.Build.0 = Debug|Win32
		{FDEF4DCD-9CF2-4894-9E60-5D47CD52520B}.Release|x64.ActiveCfg = Release|x64
		{FDEF4DCD-9CF2-4894-9E60-5D47CD52520B}.Release|x64.Build.0 = Release|x64
		{FDEF4DCD-9CF2-4894-9E60-5D47CD52520B}.Release|x86.ActiveCfg = Release|Win32
		{FDEF4DCD-9CF2-4894-9E60-5D47CD52520B}.Release|x86.Build.0 = Release|Win32
		{9EFC55B0-E8E8-443D-920F-C09D0AF54185}.Debug|x64.ActiveCfg = Debug|Win32
		{9EFC55B0-E8E8-443D-920F-C09D0AF54185}.Debug|x64.Build.0 = Debug|Win32
		{9EFC55B0-E8E8-443D-920F-C09D0AF54185}.Debug|x86.ActiveCfg = Debug|Win32
		{9EFC55B0-E8E8-443D-920F-C09D0AF54185}.Debug|x86.Build.0 = Debug|Win32
		{9EFC55B0-E8E8-443D-920F-C09D0AF54185}.Release|x64.ActiveCfg = Release|x64
		{9EFC55B0-E8E8-443D-920F-C09D0AF54185}.Release|x64.Build.0 = Release|x64
		{9EFC55B0-E8E8-443D-920F-C09D0AF54185}.Release|x86.ActiveCfg = Release|Win32
		{9EFC55B0-E8E8-443D-920F-C09D0AF54185}.Release|x86.Build.0 = Release|Win32
		{F05C13BE-95D4-4BE4-A96D-845F234AADA6}.Debug|x64.ActiveCfg = Debug|Win32
		{F05C13BE-95D4-4BE4-A96D-845F234AADA6}.Debug|x64.Build.0 = Debug|Win32
		{F05C13BE-95D4-4BE4-A96D-845F234AADA6}.Debug|x86.ActiveCfg = Debug|Win32
		{F05C13BE-95D4-4BE4-A96D-845F234AADA6}.Debug|x86.Build.0 = Debug|Win32
		{F05C13BE-95D4-4BE4-A96D-845F234AADA6}.Release|x64.ActiveCfg = Release|x64
		{F05C13BE-95D4-4BE4-A96D-845F234AADA6}.Release|x64.Build.0 = Release|x64
		{F05C13BE-95D4-4BE4-A96D-845F234AADA6}.Release|x86.ActiveCfg = Release|Win32
		{F05C13BE-95D4-4BE4-A96D-845F234AADA6}.Release|x86.Build.0 = Release|Win32
		{AC686E5F-610D-4840-80F0-A1430A3A5C57}.Debug|x64.ActiveCfg = Debug|Win32
		{AC686E5F-610D-4840-80F0-A1430A3A5C57}.Debug|x64.Build.0 = Debug|Win32
		{AC686E5F-610D-4840-80F0-A1430A3A5C57}.Debug|x86.ActiveCfg = Debug|Win32
		{AC686E5F-610D-4840-80F0-A1430A3A5C57}.Debug|x86.Build.0 = Debug|Win32
		{AC686E5F-610D-4840-80F0-A1430A3A5C57}.Release|x64.ActiveCfg = Release|x64
		{AC686E5F-610D-4840-80F0-A1430A3A5C57}.Release|x64.Build.0 = Release|x64
		{AC686E5F-610D-4840-80F0-A1430A3A5C57}.Release|x86.ActiveCfg = Release|Win32
		{AC686E5F-610D-4840-80F0-A1430A3A5C57}.Release|x86.Build.0 = Release|Win32
		{DDEE27FF-855E-4D10-AD7B-79CB8966EF13}.Debug|x64.ActiveCfg = Debug|Win32
		{DDEE27FF-855E-4D10-AD7B-79CB8966EF13}.Debug|x64.Build.0 = Debug|Win32
		{DDEE27FF-855E-4D10-AD7B-79CB8966EF13}.Debug|x86.ActiveCfg = Debug|Win32
		{DDEE27FF-855E-4D10-AD7B-79CB8966EF13}.Debug|x86.Build.0 = Debug|Win32
		{DDEE27FF-855E-4D10-AD7B-79CB8966EF13}.Release|x64.ActiveCfg = Release|Win32
		{DDEE27FF-855E-4D10-AD7B-79CB8966EF13}.Release|x86.ActiveCfg = Release|Win32
		{DDEE27FF-855E-4D10-AD7B-79CB8966EF13}.Release|x86.Build.0 = Release|Win32
		{04CB7A5F-7472-4F19-9EA9-00B80063658C}.Debug|x64.ActiveCfg = Debug|Win32
		{04CB7A5F-7472-4F19-9EA9-00B80063658C}.Debug|x64.Build.0 = Debug|Win32
		{04CB7A5F-7472-4F19-9EA9-00B80063658C}.Debug|x86.ActiveCfg = Debug|Win32
		{04CB7A5F-7472-4F19-9EA9-00B80063658C}.Debug|x86.Build.0 = Debug|Win32
		{04CB7A5F-7472-4F19-9EA9-00B80063658C}.Release|x64.ActiveCfg = Release|x64
		{04CB7A5F-7472-4F19-9EA9-00B80063658C}.Release|x64.Build.0 = Release|x64
		{04CB7A5F-7472-4F19-9EA9-00B80063658C}.Release|x86.ActiveCfg = Release|Win32
		{04CB7A5F-7472-4F19-9EA9-00B80063658C}.Release|x86.Build.0 = Release|Win32
		{119080C0-DA30-4A3C-85D6-37315067CB1A}.Debug|x64.ActiveCfg = Debug|Win32
		{119080C0-DA30-4A3C-85D6-37315067CB1A}.Debug|x64.Build.0 = Debug|Win32
		{119080C0-DA30-4A3C-85D6-37315067CB1A}.Debug|x86.ActiveCfg = Debug|Win32
		{119080C0-DA30-4A3C-85D6-37315067CB1A}.Debug|x86.Build.0 = Debug|Win32
		{119080C0-DA30-4A3C-85D6-37315067CB1A}.Release|x64.ActiveCfg = Release|x64
		{119080C0-DA30-4A3C-85D6-37315067CB1A}.Release|x64.Build.0 = Release|x64
		{119080C0-DA30-4A3C-85D6-37315067CB1A}.Release|x86.ActiveCfg = Release|Win32
		{119080C0-DA30-4A3C-85D6-37315067CB1A}.Release|x86.Build.0 = Release|Win32
		{66D2C764-9DA8-4505-B869-8E84E8968F7C}.Debug|x64.ActiveCfg = Debug|Win32
		{66D2C764-9DA8-4505-B869-8E84E8968F7C}.Debug|x64.Build.0 = Debug|Win32
		{66D2C764-9DA8-4505-B869-8E84E8968F7C}.Debug|x86.ActiveCfg = Debug|Win32
		{66D2C764-9DA8-4505-B869-8E84E8968F7C}.Debug|x86.Build.0 = Debug|Win32
		{66D2C764-9DA8-4505-B869-8E84E8968F7C}.Release|x64.ActiveCfg = Release|x64
		{66D2C764-9DA8-4505-B869-8E84E8968F7C}.Release|x64.Build.0 = Release|x64
		{66D2C764-9DA8-4505-B869-8E84E8968F7C}.Release|x86.ActiveCfg = Release|Win32
		{66D2C764-9DA8-4505-B869-8E84E8968F7C}.Release|x86.Build.0 = Release|Win32
		{9EA8D3DF-0834-4EB4-B3D0-63C493323770}.Debug|x64.ActiveCfg = Debug|Win32
		{9EA8D3DF-0834-4EB4-B3D0-63C493323770}.Debug|x64.Build.0 = Debug|Win32
		{9EA8D3DF-0834-4EB4-B3D0-63C493323770}.Debug|x86.ActiveCfg = Debug|Win32
		{9EA8D3DF-0834-4EB4-B3D0-63C493323770}.Debug|x86.Build.0 = Debug|Win32
		{9EA8D3DF-0834-4EB4-B3D0-63C493323770}.Release|x64.ActiveCfg = Release|x64
		{9EA8D3DF-0834-4EB4-B3D0-63C493323770}.Release|x64.Build.0 = Release|x64
		{9EA8D3DF-0834-4EB4-B3D0-63C493323770}.Release|x86.ActiveCfg = Release|Win32
		{9EA8D3DF-0834-4EB4-B3D0-63C493323770}.Release|x86.Build.0 = Release|Win32
		{77BE9964-7862-4D05-AFF0-B42718AAE386}.Debug|x64.ActiveCfg = Debug|Win32
		{77BE9964-7862-4D05-AFF0-B42718AAE386}.Debug|x64.Build.0 = Debug|Win32
		{77BE9964-7862-4D05-AFF0-B42718AAE386}.Debug|x86.ActiveCfg = Debug|Win32
		{77BE9964-7862-4D05-AFF0-B42718AAE386}.Debug|x86.Build.0 = Debug|Win32
		{77BE9964-7862-4D05-AFF0-B42718AAE386}.Release|x64.ActiveCfg = Release|x64
		{77BE9964-7862-4D05-AFF0-B42718AAE386}.Release|x64.Build.0 = Release|x64
		{77BE9964-7862-4D05-AFF0-B42718AAE386}.Release|x86.ActiveCfg = Release|Win32
		{77BE9964-7862-4D05-AFF0-B42718AAE386}.Release|x86.Build.0 = Release|Win32
		{08ED1E8A-E694-4B6F-9453-2D5BCC44E681}.Debug|x64.ActiveCfg = Debug|Win32
		{08ED1E8A-E694-4B6F-9453-2D5BCC44E681}.Debug|x64.Build.0 = Debug|Win32
		{08ED1E8A-E694-4B6F-9453-2D5BCC44E681}.Debug|x86.ActiveCfg = Debug|Win32
		{08ED1E8A-E694-4B6F-9453-2D5BCC44E681}.Debug|x86.Build.0 = Debug|Win32
		{08ED1E8A-E694-4B6F-9453-2D5BCC44E681}.Release|x64.ActiveCfg = Release|x64
		{08ED1E8A-E694-4B6F-9453-2D5BCC44E681}.Release|x64.Build.0 = Release|x64
		{08ED1E8A-E694-4B6F-9453-2D5BCC44E681}.Release|x86.ActiveCfg = Release|Win32
		{08ED1E8A-E694-4B6F-9453-2D5BCC44E681}.Release|x86.Build.0 = Release|Win32
		{71FB073D-6A82-4A96-8D70-772FDFDD982E}.Debug|x64.ActiveCfg = Debug|Win32
		{71FB073D-6A82-4A96-8D70-772FDFDD982E}.Debug|x64.Build.0 = Debug|Win32
		{71FB073D-6A82-4A96-8D70-772FDFDD982E}.Debug|x86.ActiveCfg = Debug|Win32
		{71FB073D-6A82-4A96-8D70-772FDFDD982E}.Debug|x86.Build.0 = Debug|Win32
		{71FB073D-6A82-4A96-8D70-772FDFDD982E}.Release|x64.ActiveCfg = Release|x64
		{71FB073D-6A82-4A96-8D70-772FDFDD982E}.Release|x64.Build.0 = Release|x64
		{71FB073D-6A82-4A96-8D70-772FDFDD982E}.Release|x86.ActiveCfg = Release|Win32
		{71FB073D-6A82-4A96-8D70-772FDFDD982E}.Release|x86.Build.0 = Release|Win32
		{0AE7CD6E-0797-422E-8DB9-407E517624A5}.Debug|x64.ActiveCfg = Debug|Win32
		{0AE7CD6E-0797-422E-8DB9-407E517624A5}.Debug|x64.Build.0 = Debug|Win32
		{0AE7CD6E-0797-422E-8DB9-407E517624A5}.Debug|x86.ActiveCfg = Debug|Win32
		{0AE7CD6E-0797-422E-8DB9-407E517624A5}.Debug|x86.Build.0 = Debug|Win32
		{0AE7CD6E-0797-422E-8DB9-407E517624A5}.Release|x64.ActiveCfg = Release|x64
		{0AE7CD6E-0797-422E-8DB9-407E517624A5}.Release|x64.Build.0 = Release|x64
		{0AE7CD6E-0797-422E-8DB9-407E517624A5}.Release|x86.ActiveCfg = Release|Win32
		{0AE7CD6E-0797-422E-8DB9-407E517624A5}.Release|x86.Build.0 = Release|Win32
		{C1131546-C8AE-4A24-A866-4A28DFDB72B9}.Debug|x64.ActiveCfg = Debug|Win32
		{C1131546-C8AE-4A24-A866-4A28DFDB72B9}.Debug|x64.Build.0 = Debug|Win32
		{C1131546-C8AE-4A24-A866-4A28DFDB72B9}.Debug|x86.ActiveCfg = Debug|Win32
		{C1131546-C8AE-4A24-A866-4A28DFDB72B9}.Debug|x86.Build.0 = Debug|Win32
		{C1131546-C8AE-4A24-A866-4A28DFDB72B9}.Release|x64.ActiveCfg = Release|x64
		{C1131546-C8AE-4A24-A866-4A28DFDB72B9}.Release|x64.Build.0 = Release|x64
		{C1131546-C8AE-4A24-A866-4A28DFDB72B9}.Release|x86.ActiveCfg = Release|Win32
		{C1131546-C8AE-4A24-A866-4A28DFDB72B9}.Release|x86.Build.0 = Release|Win32
		{FD63AD3D-4A25-4F5C-BD43-1E19192357F2}.Debug|x64.ActiveCfg = Debug|Win32
		{FD63AD3D-4A25-4F5C-BD43-1E19192357F2}.Debug|x64.Build.0 = Debug|Win32
		{FD63AD3D-4A25-4F5C-BD43-1E19192357F2}.Debug|x86.ActiveCfg = Debug|Win32
		{FD63AD3D-4A25-4F5C-BD43-1E19192357F2}.Debug|x86.Build.0 = Debug|Win32
		{FD63AD3D-4A25-4F5C-BD43-1E19192357F2}.Release|x64.ActiveCfg = Release|Win32
		{FD63AD3D-4A25-4F5C-BD43-1E19192357F2}.Release|x86.ActiveCfg = Release|Win32
		{FD63AD3D-4A25-4F5C-BD43-1E19192357F2}.Release|x86.Build.0 = Release|Win32
		{462B43B2-8B13-4178-BF2A-903F76F1985C}.Debug|x64.ActiveCfg = Debug|Win32
		{462B43B2-8B13-4178-BF2A-903F76F1985C}.Debug|x64.Build.0 = Debug|Win32
		{462B43B2-8B13-4178-BF2A-903F76F1985C}.Debug|x86.ActiveCfg = Debug|Win32
		{462B43B2-8B13-4178-BF2A-903F76F1985C}.Debug|x86.Build.0 = Debug|Win32
		{462B43B2-8B13-4178-BF2A-903F76F1985C}.Release|x64.ActiveCfg = Release|x64
		{462B43B2-8B13-4178-BF2A-903F76F1985C}.Release|x64.Build.0 = Release|x64
		{462B43B2-8B13-4178-BF2A-903F76F1985C}.Release|x86.ActiveCfg = Release|Win32
		{462B43B2-8B13-4178-BF2A-903F76F1985C}.Release|x86.Build.0 = Release|Win32
		{0A82ECDC-7520-453A-8F2C-D813FEEE7537}.Debug|x64.ActiveCfg = Debug|Win32
		{0A82ECDC-7520-453A-8F2C-D813FEEE7537}.Debug|x64.Build.0 = Debug|Win32
		{0A82ECDC-7520-453A-8F2C-D813FEEE7537}.Debug|x86.ActiveCfg = Debug|Win32
		{0A82ECDC-7520-453A-8F2C-D813FEEE7537}.Debug|x86.Build.0 = Debug|Win32
		{0A82ECDC-7520-453A-8F2C-D813FEEE7537}.Release|x64.ActiveCfg = Release|Win32
		{0A82ECDC-7520-453A-8F2C-D813FEEE7537}.Release|x86.ActiveCfg = Release|Win32
		{0A82ECDC-7520-453A-8F2C-D813FEEE7537}.Release|x86.Build.0 = Release|Win32
		{9B2C9EB2-CD46-459B-AD6E-AA83473B7F27}.Debug|x64.ActiveCfg = Debug|Win32
		{9B2C9EB2-CD46-459B-AD6E-AA83473B7F27}.Debug|x64.Build.0 = Debug|Win32
		{9B2C9EB2-CD46-459B-AD6E-AA83473B7F27}.Debug|x86.ActiveCfg = Debug|Win32
		{9B2C9EB2-CD46-459B-AD6E-AA83473B7F27}.Debug|x86.Build.0 = Debug|Win32
		{9B2C9EB2-CD46-459B-AD6E-AA83473B7F27}.Release|x64.ActiveCfg = Release|x64
		{9B2C9EB2-CD46-459B-AD6E-AA83473B7F27}.Release|x64.Build.0 = Release|x64
		{9B2C9EB2-CD46-459B-AD6E-AA83473B7F27}.Release|x86.ActiveCfg = Release|Win32
		{9B2C9EB2-CD46-459B-AD6E-AA83473B7F27}.Release|x86.Build.0 = Release|Win32
		{2A178BA5-9840-47FD-8047-4D832B22FB1D}.Debug|x64.ActiveCfg = Debug|Win32
		{2A178BA5-9840-47FD-8047-4D832B22FB1D}.Debug|x64.Build.0 = Debug|Win32
		{2A178BA5-9840-47FD-8047-4D832B22FB1D}.Debug|x86.ActiveCfg = Debug|Win32
		{2A178BA5-9840-47FD-8047-4D832B22FB1D}.Debug|x86.Build.0 = Debug|Win32
		{2A178BA5-9840-47FD-8047-4D832B22FB1D}.Release|x64.ActiveCfg = Release|Win32
		{2A178BA5-9840-47FD-8047-4D832B22FB1D}.Release|x86.ActiveCfg = Release|Win32
		{2A178BA5-9840-47FD-8047-4D832B22FB1D}.Release|x86.Build.0 = Release|Win32
		{8751B21B-2E9F-4381-AE18-952DAB1BD2C9}.Debug|x64.ActiveCfg = Debug|Win32
		{8751B21B-2E9F-4381-AE18-952DAB1BD2C9}.Debug|x64.Build.0 = Debug|Win32
		{8751B21B-2E9F-4381-AE18-952DAB1BD2C9}.Debug|x86.ActiveCfg = Debug|Win32
		{8751B21B-2E9F-4381-AE18-952DAB1BD2C9}.Debug|x86.Build.0 = Debug|Win32
		{8751B21B-2E9F-4381-AE18-952DAB1BD2C9}.Release|x64.ActiveCfg = Release|x64
		{8751B21B-2E9F-4381-AE18-952DAB1BD2C9}.Release|x64.Build.0 = Release|x64
		{8751B21B-2E9F-4381-AE18-952DAB1BD2C9}.Release|x86.ActiveCfg = Release|Win32
		{8751B21B-2E9F-4381-AE18-952DAB1BD2C9}.Release|x86.Build.0 = Release|Win32
		{EF90A316-8997-43B6-A81B-E6CB9763C343}.Debug|x64.ActiveCfg = Debug|Win32
		{EF90A316-8997-43B6-A81B-E6CB9763C343}.Debug|x64.Build.0 = Debug|Win32
		{EF90A316-8997-43B6-A81B-E6CB9763C343}.Debug|x86.ActiveCfg = Debug|Win32
		{EF90A316-8997-43B6-A81B-E6CB9763C343}.Debug|x86.Build.0 = Debug|Win32
		{EF90A316-8997-43B6-A81B-E6CB9763C343}.Release|x64.ActiveCfg = Release|x64
		{EF90A316-8997-43B6-A81B-E6CB9763C343}.Release|x64.Build.0 = Release|x64
		{EF90A316-8997-43B6-A81B-E6CB9763C343}.Release|x86.ActiveCfg = Release|Win32
		{EF90A316-8997-43B6-A81B-E6CB9763C343}.Release|x86.Build.0 = Release|Win32
		{46B980B3-7CD1-49F4-A5E6-4B9EA00AFF69}.Debug|x64.ActiveCfg = Debug|Win32
		{46B980B3-7CD1-49F4-A5E6-4B9EA00AFF69}.Debug|x64.Build.0 = Debug|Win32
		{46B980B3-7CD1-49F4-A5E6-4B9EA00AFF69}.Debug|x86.ActiveCfg = Debug|Win32
		{46B980B3-7CD1-49F4-A5E6-4B9EA00AFF69}.Debug|x86.Build.0 = Debug|Win32
		{46B980B3-7CD1-49F4-A5E6-4B9EA00AFF69}.Release|x64.ActiveCfg = Release|x64
		{46B980B3-7CD1-49F4-A5E6-4B9EA00AFF69}.Release|x64.Build.0 = Release|x64
		{46B980B3-7CD1-49F4-A5E6-4B9EA00AFF69}.Release|x86.ActiveCfg = Release|Win32
		{46B980B3-7CD1-49F4-A5E6-4B9EA00AFF69}.Release|x86.Build.0 = Release|Win32
		{631A8D25-FCC2-4467-8EB8-E67982525613}.Debug|x64.ActiveCfg = Debug|Win32
		{631A8D25-FCC2-4467-8EB8-E67982525613}.Debug|x64.Build.0 = Debug|Win32
		{631A8D25-FCC2-4467-8EB8-E67982525613}.Debug|x86.ActiveCfg = Debug|Win32
		{631A8D25-FCC2-4467-8EB8-E67982525613}.Debug|x86.Build.0 = Debug|Win32
		{631A8D25-FCC2-4467-8EB8-E67982525613}.Release|x64.ActiveCfg = Release|x64
		{631A8D25-FCC2-4467-8EB8-E67982525613}.Release|x64.Build.0 = Release|x64
		{631A8D25-FCC2-4467-8EB8-E67982525613}.Release|x86.ActiveCfg = Release|Win32
		{631A8D25-FCC2-4467-8EB8-E67982525613}.Release|x86.Build.0 = Release|Win32
		{B8F285C2-817F-45DC-AE47-9298D3B64424}.Debug|x64.ActiveCfg = Debug|Win32
		{B8F285C2-817F-45DC-AE47-9298D3B64424}.Debug|x64.Build.0 = Debug|Win32
		{B8F285C2-817F-45DC-AE47-9298D3B64424}.Debug|x86.ActiveCfg = Debug|Win32
		{B8F285C2-817F-45DC-AE47-9298D3B64424}.Debug|x86.Build.0 = Debug|Win32
		{B8F285C2-817F-45DC-AE47-9298D3B64424}.Release|x64.ActiveCfg = Release|x64
		{B8F285C2-817F-45DC-AE47-9298D3B64424}.Release|x64.Build.0 = Release|x64
		{B8F285C2-817F-45DC-AE47-9298D3B64424}.Release|x86.ActiveCfg = Release|Win32
		{B8F285C2-817F-45DC-AE47-9298D3B64424}.Release|x86.Build.0 = Release|Win32
		{CCEB57EC-253F-4C25-9B9F-05E3EFDE6EC7}.Debug|x64.ActiveCfg = Debug|Win32
		{CCEB57EC-253F-4C25-9B9F-05E3EFDE6EC7}.Debug|x64.Build.0 = Debug|Win32
		{CCEB57EC-253F-4C25-9B9F-05E3EFDE6EC7}.Debug|x86.ActiveCfg = Debug|Win32
		{CCEB57EC-253F-4C25-9B9F-05E3EFDE6EC7}.Debug|x86.Build.0 = Debug|Win32
		{CCEB57EC-253F-4C25-9B9F-05E3EFDE6EC7}.Release|x64.ActiveCfg = Release|x64
		{CCEB57EC-253F-4C25-9B9F-05E3EFDE6EC7}.Release|x64.Build.0 = Release|x64
		{CCEB57EC-253F-4C25-9B9F-05E3EFDE6EC7}.Release|x86.ActiveCfg = Release|Win32
		{CCEB57EC-253F-4C25-9B9F-05E3EFDE6EC7}.Release|x86.Build.0 = Release|Win32
		{CA3129B8-1BF4-44C9-B116-53EC72D0BCCB}.Debug|x64.ActiveCfg = Debug|Win32
		{CA3129B8-1BF4-44C9-B116-53EC72D0BCCB}.Debug|x64.Build.0 = Debug|Win32
		{CA3129B8-1BF4-44C9-B116-53EC72D0BCCB}.Debug|x86.ActiveCfg = Debug|Win32
		{CA3129B8-1BF4-44C9-B116-53EC72D0BCCB}.Debug|x86.Build.0 = Debug|Win32
		{CA3129B8-1BF4-44C9-B116-53EC72D0BCCB}.Release|x64.ActiveCfg = Release|Win32
		{CA3129B8-1BF4-44C9-B116-53EC72D0BCCB}.Release|x86.ActiveCfg = Release|Win32
		{CA3129B8-1BF4-44C9-B116-53EC72D0BCCB}.Release|x86.Build.0 = Release|Win32
		{3145A0F7-CEED-4551-A9F6-74AA9189BAAD}.Debug|x64.ActiveCfg = Debug|Win32
		{3145A0F7-CEED-4551-A9F6-74AA9189BAAD}.Debug|x64.Build.0 = Debug|Win32
		{3145A0F7-CEED-4551-A9F6-74AA9189BAAD}.Debug|x86.ActiveCfg = Debug|Win32
		{3145A0F7-CEED-4551-A9F6-74AA9189BAAD}.Debug|x86.Build.0 = Debug|Win32
		{3145A0F7-CEED-4551-A9F6-74AA9189BAAD}.Release|x64.ActiveCfg = Release|x64
		{3145A0F7-CEED-4551-A9F6-74AA9189BAAD}.Release|x64.Build.0 = Release|x64
		{3145A0F7-CEED-4551-A9F6-74AA9189BAAD}.Release|x86.ActiveCfg = Release|Win32
		{3145A0F7-CEED-4551-A9F6-74AA9189BAAD}.Release|x86.Build.0 = Release|Win32
		{82448BBE-3113-4F15-864D-E94707C806F8}.Debug|x64.ActiveCfg = Debug|Win32
		{82448BBE-3113-4F15-864D-E94707C806F8}.Debug|x64.Build.0 = Debug|Win32
		{82448BBE-3113-4F15-864D-E94707C806F8}.Debug|x86.ActiveCfg = Debug|Win32
		{82448BBE-3113-4F15-864D-E94707C806F8}.Debug|x86.Build.0 = Debug|Win32
		{82448BBE-3113-4F15-864D-E94707C806F8}.Release|x64.ActiveCfg = Release|x64
		{82448BBE-3113-4F15-864D-E94707C806F8}.Release|x64.Build.0 = Release|x64
		{82448BBE-3113-4F15-864D-E94707C806F8}.Release|x86.ActiveCfg = Release|Win32
		{82448BBE-3113-4F15-864D-E94707C806F8}.Release|x86.Build.0 = Release|Win32
		{F61CE523-6A1F-44A0-8CAD-B36A1035977D}.Debug|x64.ActiveCfg = Debug|Win32
		{F61CE523-6A1F-44A0-8CAD-B36A1035977D}.Debug|x64.Build.0 = Debug|Win32
		{F61CE523-6A1F-44A0-8CAD-B36A1035977D}.Debug|x86.ActiveCfg = Debug|Win32
		{F61CE523-6A1F-44A0-8CAD-B36A1035977D}.Debug|x86.Build.0 = Debug|Win32
		{F61CE523-6A1F-44A0-8CAD-B36A1035977D}.Release|x64.ActiveCfg = Release|x64
		{F61CE523-6A1F-44A0-8CAD-B36A1035977D}.Release|x64.Build.0 = Release|x64
		{F61CE523-6A1F-44A0-8CAD-B36A1035977D}.Release|x86.ActiveCfg = Release|Win32
		{F61CE523-6A1F-44A0-8CAD-B36A1035977D}.Release|x86.Build.0 = Release|Win32
		{54727D86-69E5-43C2-9419-853F1059AA95}.Debug|x64.ActiveCfg = Debug|Win32
		{54727D86-69E5-43C2-9419-853F1059AA95}.Debug|x64.Build.0 = Debug|Win32
		{54727D86-69E5-43C2-9419-853F1059AA95}.Debug|x86.ActiveCfg = Debug|Win32
		{54727D86-69E5-43C2-9419-853F1059AA95}.Debug|x86.Build.0 = Debug|Win32
		{54727D86-69E5-43C2-9419-853F1059AA95}.Release|x64.ActiveCfg = Release|x64
		{54727D86-69E5-43C2-9419-853F1059AA95}.Release|x64.Build.0 = Release|x64
		{54727D86-69E5-43C2-9419-853F1059AA95}.Release|x86.ActiveCfg = Release|Win32
		{54727D86-69E5-43C2-9419-853F1059AA95}.Release|x86.Build.0 = Release|Win32
	EndGlobalSection
	GlobalSection(SolutionProperties) = preSolution
		HideSolutionNode = FALSE
	EndGlobalSection
EndGlobal
